
Microsoft Visual Studio Solution File, Format Version 12.00
# Visual Studio 15
Project("{FAE04EC0-301F-11D3-BF4B-00C04F79EFBC}") = "RainDrops", "RainDrops.csproj", "{319F56D6-590A-63ED-1AB7-0176FE38F8B2}"
EndProject
Global
	GlobalSection(SolutionConfigurationPlatforms) = preSolution
		Debug|Any CPU = Debug|Any CPU
		Release|Any CPU = Release|Any CPU
	EndGlobalSection
	GlobalSection(ProjectConfigurationPlatforms) = postSolution
		{319F56D6-590A-63ED-1AB7-0176FE38F8B2}.Debug|Any CPU.ActiveCfg = Debug|Any CPU
		{319F56D6-590A-63ED-1AB7-0176FE38F8B2}.Debug|Any CPU.Build.0 = Debug|Any CPU
		{319F56D6-590A-63ED-1AB7-0176FE38F8B2}.Release|Any CPU.ActiveCfg = Release|Any CPU
		{319F56D6-590A-63ED-1AB7-0176FE38F8B2}.Release|Any CPU.Build.0 = Release|Any CPU
	EndGlobalSection
	GlobalSection(SolutionProperties) = preSolution
		HideSolutionNode = FALSE
	EndGlobalSection
EndGlobal
